// !$*UTF8*$!
{
	archiveVersion = 1;
	classes = {
	};
	objectVersion = 55;
	objects = {

/* Begin PBXBuildFile section */
		D732609D2C09FC67005DDDA1 /* AppDelegate.swift in Sources */ = {isa = PBXBuildFile; fileRef = D732609C2C09FC67005DDDA1 /* AppDelegate.swift */; };
		D732609F2C09FC67005DDDA1 /* SceneDelegate.swift in Sources */ = {isa = PBXBuildFile; fileRef = D732609E2C09FC67005DDDA1 /* SceneDelegate.swift */; };
		D73260A12C09FC67005DDDA1 /* SearchViewController.swift in Sources */ = {isa = PBXBuildFile; fileRef = D73260A02C09FC67005DDDA1 /* SearchViewController.swift */; };
		D73260A42C09FC67005DDDA1 /* Main.storyboard in Resources */ = {isa = PBXBuildFile; fileRef = D73260A22C09FC67005DDDA1 /* Main.storyboard */; };
		D73260A62C09FC6B005DDDA1 /* Assets.xcassets in Resources */ = {isa = PBXBuildFile; fileRef = D73260A52C09FC6B005DDDA1 /* Assets.xcassets */; };
		D73260A92C09FC6B005DDDA1 /* LaunchScreen.storyboard in Resources */ = {isa = PBXBuildFile; fileRef = D73260A72C09FC6B005DDDA1 /* LaunchScreen.storyboard */; };
		D73260B12C0A0345005DDDA1 /* NetworkManager.swift in Sources */ = {isa = PBXBuildFile; fileRef = D73260B02C0A0345005DDDA1 /* NetworkManager.swift */; };
		D73260B32C0A0795005DDDA1 /* UserProfile.swift in Sources */ = {isa = PBXBuildFile; fileRef = D73260B22C0A0795005DDDA1 /* UserProfile.swift */; };
		D73260B82C0A0EA6005DDDA1 /* UserProfileViewController.swift in Sources */ = {isa = PBXBuildFile; fileRef = D73260B72C0A0EA6005DDDA1 /* UserProfileViewController.swift */; };
		D73260BB2C0A12B2005DDDA1 /* SDWebImage in Frameworks */ = {isa = PBXBuildFile; productRef = D73260BA2C0A12B2005DDDA1 /* SDWebImage */; };
		D73260BD2C0A2E20005DDDA1 /* FollowersTableViewController.swift in Sources */ = {isa = PBXBuildFile; fileRef = D73260BC2C0A2E20005DDDA1 /* FollowersTableViewController.swift */; };
		D73260C42C0A373B005DDDA1 /* FollowersTableViewCell.swift in Sources */ = {isa = PBXBuildFile; fileRef = D73260C22C0A373B005DDDA1 /* FollowersTableViewCell.swift */; };
		D73260C52C0A373B005DDDA1 /* FollowersTableViewCell.xib in Resources */ = {isa = PBXBuildFile; fileRef = D73260C32C0A373B005DDDA1 /* FollowersTableViewCell.xib */; };
		D73260C72C0A43DF005DDDA1 /* FollowerProfileViewController.swift in Sources */ = {isa = PBXBuildFile; fileRef = D73260C62C0A43DF005DDDA1 /* FollowerProfileViewController.swift */; };
/* End PBXBuildFile section */

/* Begin PBXFileReference section */
		D73260992C09FC67005DDDA1 /* GithubUserFetch.app */ = {isa = PBXFileReference; explicitFileType = wrapper.application; includeInIndex = 0; path = GithubUserFetch.app; sourceTree = BUILT_PRODUCTS_DIR; };
		D732609C2C09FC67005DDDA1 /* AppDelegate.swift */ = {isa = PBXFileReference; lastKnownFileType = sourcecode.swift; path = AppDelegate.swift; sourceTree = "<group>"; };
		D732609E2C09FC67005DDDA1 /* SceneDelegate.swift */ = {isa = PBXFileReference; lastKnownFileType = sourcecode.swift; path = SceneDelegate.swift; sourceTree = "<group>"; };
		D73260A02C09FC67005DDDA1 /* SearchViewController.swift */ = {isa = PBXFileReference; lastKnownFileType = sourcecode.swift; path = SearchViewController.swift; sourceTree = "<group>"; };
		D73260A32C09FC67005DDDA1 /* Base */ = {isa = PBXFileReference; lastKnownFileType = file.storyboard; name = Base; path = Base.lproj/Main.storyboard; sourceTree = "<group>"; };
		D73260A52C09FC6B005DDDA1 /* Assets.xcassets */ = {isa = PBXFileReference; lastKnownFileType = folder.assetcatalog; path = Assets.xcassets; sourceTree = "<group>"; };
		D73260A82C09FC6B005DDDA1 /* Base */ = {isa = PBXFileReference; lastKnownFileType = file.storyboard; name = Base; path = Base.lproj/LaunchScreen.storyboard; sourceTree = "<group>"; };
		D73260AA2C09FC6B005DDDA1 /* Info.plist */ = {isa = PBXFileReference; lastKnownFileType = text.plist.xml; path = Info.plist; sourceTree = "<group>"; };
		D73260B02C0A0345005DDDA1 /* NetworkManager.swift */ = {isa = PBXFileReference; lastKnownFileType = sourcecode.swift; path = NetworkManager.swift; sourceTree = "<group>"; };
		D73260B22C0A0795005DDDA1 /* UserProfile.swift */ = {isa = PBXFileReference; lastKnownFileType = sourcecode.swift; path = UserProfile.swift; sourceTree = "<group>"; };
		D73260B72C0A0EA6005DDDA1 /* UserProfileViewController.swift */ = {isa = PBXFileReference; lastKnownFileType = sourcecode.swift; path = UserProfileViewController.swift; sourceTree = "<group>"; };
		D73260BC2C0A2E20005DDDA1 /* FollowersTableViewController.swift */ = {isa = PBXFileReference; lastKnownFileType = sourcecode.swift; path = FollowersTableViewController.swift; sourceTree = "<group>"; };
		D73260C22C0A373B005DDDA1 /* FollowersTableViewCell.swift */ = {isa = PBXFileReference; lastKnownFileType = sourcecode.swift; path = FollowersTableViewCell.swift; sourceTree = "<group>"; };
		D73260C32C0A373B005DDDA1 /* FollowersTableViewCell.xib */ = {isa = PBXFileReference; lastKnownFileType = file.xib; path = FollowersTableViewCell.xib; sourceTree = "<group>"; };
		D73260C62C0A43DF005DDDA1 /* FollowerProfileViewController.swift */ = {isa = PBXFileReference; lastKnownFileType = sourcecode.swift; path = FollowerProfileViewController.swift; sourceTree = "<group>"; };
/* End PBXFileReference section */

/* Begin PBXFrameworksBuildPhase section */
		D73260962C09FC67005DDDA1 /* Frameworks */ = {
			isa = PBXFrameworksBuildPhase;
			buildActionMask = 2147483647;
			files = (
				D73260BB2C0A12B2005DDDA1 /* SDWebImage in Frameworks */,
			);
			runOnlyForDeploymentPostprocessing = 0;
		};
/* End PBXFrameworksBuildPhase section */

/* Begin PBXGroup section */
		D73260902C09FC67005DDDA1 = {
			isa = PBXGroup;
			children = (
				D732609B2C09FC67005DDDA1 /* GithubUserFetch */,
				D732609A2C09FC67005DDDA1 /* Products */,
			);
			sourceTree = "<group>";
		};
		D732609A2C09FC67005DDDA1 /* Products */ = {
			isa = PBXGroup;
			children = (
				D73260992C09FC67005DDDA1 /* GithubUserFetch.app */,
			);
			name = Products;
			sourceTree = "<group>";
		};
		D732609B2C09FC67005DDDA1 /* GithubUserFetch */ = {
			isa = PBXGroup;
			children = (
				D732609C2C09FC67005DDDA1 /* AppDelegate.swift */,
				D732609E2C09FC67005DDDA1 /* SceneDelegate.swift */,
				D73260B42C0A0E5A005DDDA1 /* Views */,
				D73260A22C09FC67005DDDA1 /* Main.storyboard */,
				D73260A52C09FC6B005DDDA1 /* Assets.xcassets */,
				D73260A72C09FC6B005DDDA1 /* LaunchScreen.storyboard */,
				D73260AA2C09FC6B005DDDA1 /* Info.plist */,
				D73260B52C0A0E64005DDDA1 /* Services */,
				D73260B62C0A0E6B005DDDA1 /* Models */,
			);
			path = GithubUserFetch;
			sourceTree = "<group>";
		};
		D73260B42C0A0E5A005DDDA1 /* Views */ = {
			isa = PBXGroup;
			children = (
				D73260A02C09FC67005DDDA1 /* SearchViewController.swift */,
				D73260B72C0A0EA6005DDDA1 /* UserProfileViewController.swift */,
				D73260BC2C0A2E20005DDDA1 /* FollowersTableViewController.swift */,
				D73260C22C0A373B005DDDA1 /* FollowersTableViewCell.swift */,
				D73260C32C0A373B005DDDA1 /* FollowersTableViewCell.xib */,
				D73260C62C0A43DF005DDDA1 /* FollowerProfileViewController.swift */,
			);
			path = Views;
			sourceTree = "<group>";
		};
		D73260B52C0A0E64005DDDA1 /* Services */ = {
			isa = PBXGroup;
			children = (
				D73260B02C0A0345005DDDA1 /* NetworkManager.swift */,
			);
			path = Services;
			sourceTree = "<group>";
		};
		D73260B62C0A0E6B005DDDA1 /* Models */ = {
			isa = PBXGroup;
			children = (
				D73260B22C0A0795005DDDA1 /* UserProfile.swift */,
			);
			path = Models;
			sourceTree = "<group>";
		};
/* End PBXGroup section */

/* Begin PBXNativeTarget section */
		D73260982C09FC67005DDDA1 /* GithubUserFetch */ = {
			isa = PBXNativeTarget;
			buildConfigurationList = D73260AD2C09FC6B005DDDA1 /* Build configuration list for PBXNativeTarget "GithubUserFetch" */;
			buildPhases = (
				D73260952C09FC67005DDDA1 /* Sources */,
				D73260962C09FC67005DDDA1 /* Frameworks */,
				D73260972C09FC67005DDDA1 /* Resources */,
			);
			buildRules = (
			);
			dependencies = (
			);
			name = GithubUserFetch;
			packageProductDependencies = (
				D73260BA2C0A12B2005DDDA1 /* SDWebImage */,
			);
			productName = GithubUserFetch;
			productReference = D73260992C09FC67005DDDA1 /* GithubUserFetch.app */;
			productType = "com.apple.product-type.application";
		};
/* End PBXNativeTarget section */

/* Begin PBXProject section */
		D73260912C09FC67005DDDA1 /* Project object */ = {
			isa = PBXProject;
			attributes = {
				BuildIndependentTargetsInParallel = 1;
				LastSwiftUpdateCheck = 1340;
				LastUpgradeCheck = 1340;
				TargetAttributes = {
					D73260982C09FC67005DDDA1 = {
						CreatedOnToolsVersion = 13.4.1;
					};
				};
			};
			buildConfigurationList = D73260942C09FC67005DDDA1 /* Build configuration list for PBXProject "GithubUserFetch" */;
			compatibilityVersion = "Xcode 13.0";
			developmentRegion = en;
			hasScannedForEncodings = 0;
			knownRegions = (
				en,
				Base,
			);
			mainGroup = D73260902C09FC67005DDDA1;
			packageReferences = (
				D73260B92C0A12B2005DDDA1 /* XCRemoteSwiftPackageReference "SDWebImage" */,
			);
			productRefGroup = D732609A2C09FC67005DDDA1 /* Products */;
			projectDirPath = "";
			projectRoot = "";
			targets = (
				D73260982C09FC67005DDDA1 /* GithubUserFetch */,
			);
		};
/* End PBXProject section */

/* Begin PBXResourcesBuildPhase section */
		D73260972C09FC67005DDDA1 /* Resources */ = {
			isa = PBXResourcesBuildPhase;
			buildActionMask = 2147483647;
			files = (
				D73260A92C09FC6B005DDDA1 /* LaunchScreen.storyboard in Resources */,
				D73260A62C09FC6B005DDDA1 /* Assets.xcassets in Resources */,
				D73260A42C09FC67005DDDA1 /* Main.storyboard in Resources */,
				D73260C52C0A373B005DDDA1 /* FollowersTableViewCell.xib in Resources */,
			);
			runOnlyForDeploymentPostprocessing = 0;
		};
/* End PBXResourcesBuildPhase section */

/* Begin PBXSourcesBuildPhase section */
		D73260952C09FC67005DDDA1 /* Sources */ = {
			isa = PBXSourcesBuildPhase;
			buildActionMask = 2147483647;
			files = (
				D73260B12C0A0345005DDDA1 /* NetworkManager.swift in Sources */,
				D73260B82C0A0EA6005DDDA1 /* UserProfileViewController.swift in Sources */,
				D73260A12C09FC67005DDDA1 /* SearchViewController.swift in Sources */,
				D73260BD2C0A2E20005DDDA1 /* FollowersTableViewController.swift in Sources */,
				D73260B32C0A0795005DDDA1 /* UserProfile.swift in Sources */,
				D73260C72C0A43DF005DDDA1 /* FollowerProfileViewController.swift in Sources */,
				D732609D2C09FC67005DDDA1 /* AppDelegate.swift in Sources */,
				D732609F2C09FC67005DDDA1 /* SceneDelegate.swift in Sources */,
				D73260C42C0A373B005DDDA1 /* FollowersTableViewCell.swift in Sources */,
			);
			runOnlyForDeploymentPostprocessing = 0;
		};
/* End PBXSourcesBuildPhase section */

/* Begin PBXVariantGroup section */
		D73260A22C09FC67005DDDA1 /* Main.storyboard */ = {
			isa = PBXVariantGroup;
			children = (
				D73260A32C09FC67005DDDA1 /* Base */,
			);
			name = Main.storyboard;
			sourceTree = "<group>";
		};
		D73260A72C09FC6B005DDDA1 /* LaunchScreen.storyboard */ = {
			isa = PBXVariantGroup;
			children = (
				D73260A82C09FC6B005DDDA1 /* Base */,
			);
			name = LaunchScreen.storyboard;
			sourceTree = "<group>";
		};
/* End PBXVariantGroup section */

/* Begin XCBuildConfiguration section */
		D73260AB2C09FC6B005DDDA1 /* Debug */ = {
			isa = XCBuildConfiguration;
			buildSettings = {
				ALWAYS_SEARCH_USER_PATHS = NO;
				CLANG_ANALYZER_NONNULL = YES;
				CLANG_ANALYZER_NUMBER_OBJECT_CONVERSION = YES_AGGRESSIVE;
				CLANG_CXX_LANGUAGE_STANDARD = "gnu++17";
				CLANG_ENABLE_MODULES = YES;
				CLANG_ENABLE_OBJC_ARC = YES;
				CLANG_ENABLE_OBJC_WEAK = YES;
				CLANG_WARN_BLOCK_CAPTURE_AUTORELEASING = YES;
				CLANG_WARN_BOOL_CONVERSION = YES;
				CLANG_WARN_COMMA = YES;
				CLANG_WARN_CONSTANT_CONVERSION = YES;
				CLANG_WARN_DEPRECATED_OBJC_IMPLEMENTATIONS = YES;
				CLANG_WARN_DIRECT_OBJC_ISA_USAGE = YES_ERROR;
				CLANG_WARN_DOCUMENTATION_COMMENTS = YES;
				CLANG_WARN_EMPTY_BODY = YES;
				CLANG_WARN_ENUM_CONVERSION = YES;
				CLANG_WARN_INFINITE_RECURSION = YES;
				CLANG_WARN_INT_CONVERSION = YES;
				CLANG_WARN_NON_LITERAL_NULL_CONVERSION = YES;
				CLANG_WARN_OBJC_IMPLICIT_RETAIN_SELF = YES;
				CLANG_WARN_OBJC_LITERAL_CONVERSION = YES;
				CLANG_WARN_OBJC_ROOT_CLASS = YES_ERROR;
				CLANG_WARN_QUOTED_INCLUDE_IN_FRAMEWORK_HEADER = YES;
				CLANG_WARN_RANGE_LOOP_ANALYSIS = YES;
				CLANG_WARN_STRICT_PROTOTYPES = YES;
				CLANG_WARN_SUSPICIOUS_MOVE = YES;
				CLANG_WARN_UNGUARDED_AVAILABILITY = YES_AGGRESSIVE;
				CLANG_WARN_UNREACHABLE_CODE = YES;
				CLANG_WARN__DUPLICATE_METHOD_MATCH = YES;
				COPY_PHASE_STRIP = NO;
				DEBUG_INFORMATION_FORMAT = dwarf;
				ENABLE_STRICT_OBJC_MSGSEND = YES;
				ENABLE_TESTABILITY = YES;
				GCC_C_LANGUAGE_STANDARD = gnu11;
				GCC_DYNAMIC_NO_PIC = NO;
				GCC_NO_COMMON_BLOCKS = YES;
				GCC_OPTIMIZATION_LEVEL = 0;
				GCC_PREPROCESSOR_DEFINITIONS = (
					"DEBUG=1",
					"$(inherited)",
				);
				GCC_WARN_64_TO_32_BIT_CONVERSION = YES;
				GCC_WARN_ABOUT_RETURN_TYPE = YES_ERROR;
				GCC_WARN_UNDECLARED_SELECTOR = YES;
				GCC_WARN_UNINITIALIZED_AUTOS = YES_AGGRESSIVE;
				GCC_WARN_UNUSED_FUNCTION = YES;
				GCC_WARN_UNUSED_VARIABLE = YES;
				IPHONEOS_DEPLOYMENT_TARGET = 15.5;
				MTL_ENABLE_DEBUG_INFO = INCLUDE_SOURCE;
				MTL_FAST_MATH = YES;
				ONLY_ACTIVE_ARCH = YES;
				SDKROOT = iphoneos;
				SWIFT_ACTIVE_COMPILATION_CONDITIONS = DEBUG;
				SWIFT_OPTIMIZATION_LEVEL = "-Onone";
			};
			name = Debug;
		};
		D73260AC2C09FC6B005DDDA1 /* Release */ = {
			isa = XCBuildConfiguration;
			buildSettings = {
				ALWAYS_SEARCH_USER_PATHS = NO;
				CLANG_ANALYZER_NONNULL = YES;
				CLANG_ANALYZER_NUMBER_OBJECT_CONVERSION = YES_AGGRESSIVE;
				CLANG_CXX_LANGUAGE_STANDARD = "gnu++17";
				CLANG_ENABLE_MODULES = YES;
				CLANG_ENABLE_OBJC_ARC = YES;
				CLANG_ENABLE_OBJC_WEAK = YES;
				CLANG_WARN_BLOCK_CAPTURE_AUTORELEASING = YES;
				CLANG_WARN_BOOL_CONVERSION = YES;
				CLANG_WARN_COMMA = YES;
				CLANG_WARN_CONSTANT_CONVERSION = YES;
				CLANG_WARN_DEPRECATED_OBJC_IMPLEMENTATIONS = YES;
				CLANG_WARN_DIRECT_OBJC_ISA_USAGE = YES_ERROR;
				CLANG_WARN_DOCUMENTATION_COMMENTS = YES;
				CLANG_WARN_EMPTY_BODY = YES;
				CLANG_WARN_ENUM_CONVERSION = YES;
				CLANG_WARN_INFINITE_RECURSION = YES;
				CLANG_WARN_INT_CONVERSION = YES;
				CLANG_WARN_NON_LITERAL_NULL_CONVERSION = YES;
				CLANG_WARN_OBJC_IMPLICIT_RETAIN_SELF = YES;
				CLANG_WARN_OBJC_LITERAL_CONVERSION = YES;
				CLANG_WARN_OBJC_ROOT_CLASS = YES_ERROR;
				CLANG_WARN_QUOTED_INCLUDE_IN_FRAMEWORK_HEADER = YES;
				CLANG_WARN_RANGE_LOOP_ANALYSIS = YES;
				CLANG_WARN_STRICT_PROTOTYPES = YES;
				CLANG_WARN_SUSPICIOUS_MOVE = YES;
				CLANG_WARN_UNGUARDED_AVAILABILITY = YES_AGGRESSIVE;
				CLANG_WARN_UNREACHABLE_CODE = YES;
				CLANG_WARN__DUPLICATE_METHOD_MATCH = YES;
				COPY_PHASE_STRIP = NO;
				DEBUG_INFORMATION_FORMAT = "dwarf-with-dsym";
				ENABLE_NS_ASSERTIONS = NO;
				ENABLE_STRICT_OBJC_MSGSEND = YES;
				GCC_C_LANGUAGE_STANDARD = gnu11;
				GCC_NO_COMMON_BLOCKS = YES;
				GCC_WARN_64_TO_32_BIT_CONVERSION = YES;
				GCC_WARN_ABOUT_RETURN_TYPE = YES_ERROR;
				GCC_WARN_UNDECLARED_SELECTOR = YES;
				GCC_WARN_UNINITIALIZED_AUTOS = YES_AGGRESSIVE;
				GCC_WARN_UNUSED_FUNCTION = YES;
				GCC_WARN_UNUSED_VARIABLE = YES;
				IPHONEOS_DEPLOYMENT_TARGET = 15.5;
				MTL_ENABLE_DEBUG_INFO = NO;
				MTL_FAST_MATH = YES;
				SDKROOT = iphoneos;
				SWIFT_COMPILATION_MODE = wholemodule;
				SWIFT_OPTIMIZATION_LEVEL = "-O";
				VALIDATE_PRODUCT = YES;
			};
			name = Release;
		};
		D73260AE2C09FC6B005DDDA1 /* Debug */ = {
			isa = XCBuildConfiguration;
			buildSettings = {
				ASSETCATALOG_COMPILER_APPICON_NAME = AppIcon;
				ASSETCATALOG_COMPILER_GLOBAL_ACCENT_COLOR_NAME = AccentColor;
				CODE_SIGN_STYLE = Automatic;
				CURRENT_PROJECT_VERSION = 1;
				GENERATE_INFOPLIST_FILE = YES;
				INFOPLIST_FILE = GithubUserFetch/Info.plist;
				INFOPLIST_KEY_UIApplicationSupportsIndirectInputEvents = YES;
				INFOPLIST_KEY_UILaunchStoryboardName = LaunchScreen;
				INFOPLIST_KEY_UIMainStoryboardFile = Main;
				INFOPLIST_KEY_UISupportedInterfaceOrientations_iPad = "UIInterfaceOrientationPortrait UIInterfaceOrientationPortraitUpsideDown UIInterfaceOrientationLandscapeLeft UIInterfaceOrientationLandscapeRight";
				INFOPLIST_KEY_UISupportedInterfaceOrientations_iPhone = "UIInterfaceOrientationPortrait UIInterfaceOrientationLandscapeLeft UIInterfaceOrientationLandscapeRight";
				LD_RUNPATH_SEARCH_PATHS = (
					"$(inherited)",
					"@executable_path/Frameworks",
				);
				MARKETING_VERSION = 1.0;
				PRODUCT_BUNDLE_IDENTIFIER = com.devsinc.GithubUserFetch;
				PRODUCT_NAME = "$(TARGET_NAME)";
				SWIFT_EMIT_LOC_STRINGS = YES;
				SWIFT_VERSION = 5.0;
				TARGETED_DEVICE_FAMILY = "1,2";
			};
			name = Debug;
		};
		D73260AF2C09FC6B005DDDA1 /* Release */ = {
			isa = XCBuildConfiguration;
			buildSettings = {
				ASSETCATALOG_COMPILER_APPICON_NAME = AppIcon;
				ASSETCATALOG_COMPILER_GLOBAL_ACCENT_COLOR_NAME = AccentColor;
				CODE_SIGN_STYLE = Automatic;
				CURRENT_PROJECT_VERSION = 1;
				GENERATE_INFOPLIST_FILE = YES;
				INFOPLIST_FILE = GithubUserFetch/Info.plist;
				INFOPLIST_KEY_UIApplicationSupportsIndirectInputEvents = YES;
				INFOPLIST_KEY_UILaunchStoryboardName = LaunchScreen;
				INFOPLIST_KEY_UIMainStoryboardFile = Main;
				INFOPLIST_KEY_UISupportedInterfaceOrientations_iPad = "UIInterfaceOrientationPortrait UIInterfaceOrientationPortraitUpsideDown UIInterfaceOrientationLandscapeLeft UIInterfaceOrientationLandscapeRight";
				INFOPLIST_KEY_UISupportedInterfaceOrientations_iPhone = "UIInterfaceOrientationPortrait UIInterfaceOrientationLandscapeLeft UIInterfaceOrientationLandscapeRight";
				LD_RUNPATH_SEARCH_PATHS = (
					"$(inherited)",
					"@executable_path/Frameworks",
				);
				MARKETING_VERSION = 1.0;
				PRODUCT_BUNDLE_IDENTIFIER = com.devsinc.GithubUserFetch;
				PRODUCT_NAME = "$(TARGET_NAME)";
				SWIFT_EMIT_LOC_STRINGS = YES;
				SWIFT_VERSION = 5.0;
				TARGETED_DEVICE_FAMILY = "1,2";
			};
			name = Release;
		};
/* End XCBuildConfiguration section */

/* Begin XCConfigurationList section */
		D73260942C09FC67005DDDA1 /* Build configuration list for PBXProject "GithubUserFetch" */ = {
			isa = XCConfigurationList;
			buildConfigurations = (
				D73260AB2C09FC6B005DDDA1 /* Debug */,
				D73260AC2C09FC6B005DDDA1 /* Release */,
			);
			defaultConfigurationIsVisible = 0;
			defaultConfigurationName = Release;
		};
		D73260AD2C09FC6B005DDDA1 /* Build configuration list for PBXNativeTarget "GithubUserFetch" */ = {
			isa = XCConfigurationList;
			buildConfigurations = (
				D73260AE2C09FC6B005DDDA1 /* Debug */,
				D73260AF2C09FC6B005DDDA1 /* Release */,
			);
			defaultConfigurationIsVisible = 0;
			defaultConfigurationName = Release;
		};
/* End XCConfigurationList section */

/* Begin XCRemoteSwiftPackageReference section */
		D73260B92C0A12B2005DDDA1 /* XCRemoteSwiftPackageReference "SDWebImage" */ = {
			isa = XCRemoteSwiftPackageReference;
			repositoryURL = "https://github.com/SDWebImage/SDWebImage.git";
			requirement = {
				kind = upToNextMajorVersion;
				minimumVersion = 5.0.0;
			};
		};
/* End XCRemoteSwiftPackageReference section */

/* Begin XCSwiftPackageProductDependency section */
		D73260BA2C0A12B2005DDDA1 /* SDWebImage */ = {
			isa = XCSwiftPackageProductDependency;
			package = D73260B92C0A12B2005DDDA1 /* XCRemoteSwiftPackageReference "SDWebImage" */;
			productName = SDWebImage;
		};
/* End XCSwiftPackageProductDependency section */
	};
	rootObject = D73260912C09FC67005DDDA1 /* Project object */;
}
